
Microsoft Visual Studio Solution File, Format Version 12.00
# Visual Studio Version 17
VisualStudioVersion = 17.8.34309.116
MinimumVisualStudioVersion = 10.0.40219.1
Project("{FAE04EC0-301F-11D3-BF4B-00C04F79EFBC}") = "PaddldOCRTest2", "PaddldOCRTest2.csproj", "{8A41612B-D306-4517-912F-48EB6C56DF3C}"
EndProject
Global
	GlobalSection(SolutionConfigurationPlatforms) = preSolution
		Debug|Any CPU = Debug|Any CPU
		Release|Any CPU = Release|Any CPU
	EndGlobalSection
	GlobalSection(ProjectConfigurationPlatforms) = postSolution
		{8A41612B-D306-4517-912F-48EB6C56DF3C}.Debug|Any CPU.ActiveCfg = Debug|Any CPU
		{8A41612B-D306-4517-912F-48EB6C56DF3C}.Debug|Any CPU.Build.0 = Debug|Any CPU
		{8A41612B-D306-4517-912F-48EB6C56DF3C}.Release|Any CPU.ActiveCfg = Release|Any CPU
		{8A41612B-D306-4517-912F-48EB6C56DF3C}.Release|Any CPU.Build.0 = Release|Any CPU
	EndGlobalSection
	GlobalSection(SolutionProperties) = preSolution
		HideSolutionNode = FALSE
	EndGlobalSection
	GlobalSection(ExtensibilityGlobals) = postSolution
		SolutionGuid = {A0207755-B5FB-42AE-AB89-C024AACA3EC3}
	EndGlobalSection
EndGlobal
